
Microsoft Visual Studio Solution File, Format Version 12.00
# Visual Studio Version 16
VisualStudioVersion = 16.0.30309.148
MinimumVisualStudioVersion = 10.0.40219.1
Project("{C2F68022-0B8A-4368-8A17-F557FEA9DBB8}") = "Azure.ResourceManager.Releaseplannertest", "src\Azure.ResourceManager.Releaseplannertest.csproj", "{8EC99064-22EF-40B7-B4AC-50126A7A8F40}"
EndProject
Project("{C2F68022-0B8A-4368-8A17-F557FEA9DBB8}") = "Azure.ResourceManager.Releaseplannertest.Tests", "tests\Azure.ResourceManager.Releaseplannertest.Tests.csproj", "{08ACB097-8FE7-486C-AA66-9BFE39FDEA8D}"
EndProject
Global
	GlobalSection(SolutionProperties) = preSolution
		HideSolutionNode = FALSE
	EndGlobalSection
	GlobalSection(ExtensibilityGlobals) = postSolution
		SolutionGuid = {2100BE15-F3D5-4AF2-8CA3-ADA914944242}
	EndGlobalSection
	GlobalSection(SolutionConfigurationPlatforms) = preSolution
		Debug|Any CPU = Debug|Any CPU
		Debug|x64 = Debug|x64
		Debug|x86 = Debug|x86
		Release|Any CPU = Release|Any CPU
		Release|x64 = Release|x64
		Release|x86 = Release|x86
	EndGlobalSection
	GlobalSection(ProjectConfigurationPlatforms) = postSolution
		{8EC99064-22EF-40B7-B4AC-50126A7A8F40}.Debug|Any CPU.ActiveCfg = Debug|Any CPU
		{8EC99064-22EF-40B7-B4AC-50126A7A8F40}.Debug|Any CPU.Build.0 = Debug|Any CPU
		{8EC99064-22EF-40B7-B4AC-50126A7A8F40}.Debug|x64.ActiveCfg = Debug|Any CPU
		{8EC99064-22EF-40B7-B4AC-50126A7A8F40}.Debug|x64.Build.0 = Debug|Any CPU
		{8EC99064-22EF-40B7-B4AC-50126A7A8F40}.Debug|x86.ActiveCfg = Debug|Any CPU
		{8EC99064-22EF-40B7-B4AC-50126A7A8F40}.Debug|x86.Build.0 = Debug|Any CPU
		{8EC99064-22EF-40B7-B4AC-50126A7A8F40}.Release|Any CPU.ActiveCfg = Release|Any CPU
		{8EC99064-22EF-40B7-B4AC-50126A7A8F40}.Release|Any CPU.Build.0 = Release|Any CPU
		{8EC99064-22EF-40B7-B4AC-50126A7A8F40}.Release|x64.ActiveCfg = Release|Any CPU
		{8EC99064-22EF-40B7-B4AC-50126A7A8F40}.Release|x64.Build.0 = Release|Any CPU
		{8EC99064-22EF-40B7-B4AC-50126A7A8F40}.Release|x86.ActiveCfg = Release|Any CPU
		{8EC99064-22EF-40B7-B4AC-50126A7A8F40}.Release|x86.Build.0 = Release|Any CPU
		{08ACB097-8FE7-486C-AA66-9BFE39FDEA8D}.Debug|Any CPU.ActiveCfg = Debug|Any CPU
		{08ACB097-8FE7-486C-AA66-9BFE39FDEA8D}.Debug|Any CPU.Build.0 = Debug|Any CPU
		{08ACB097-8FE7-486C-AA66-9BFE39FDEA8D}.Debug|x64.ActiveCfg = Debug|Any CPU
		{08ACB097-8FE7-486C-AA66-9BFE39FDEA8D}.Debug|x64.Build.0 = Debug|Any CPU
		{08ACB097-8FE7-486C-AA66-9BFE39FDEA8D}.Debug|x86.ActiveCfg = Debug|Any CPU
		{08ACB097-8FE7-486C-AA66-9BFE39FDEA8D}.Debug|x86.Build.0 = Debug|Any CPU
		{08ACB097-8FE7-486C-AA66-9BFE39FDEA8D}.Release|Any CPU.ActiveCfg = Release|Any CPU
		{08ACB097-8FE7-486C-AA66-9BFE39FDEA8D}.Release|Any CPU.Build.0 = Release|Any CPU
		{08ACB097-8FE7-486C-AA66-9BFE39FDEA8D}.Release|x64.ActiveCfg = Release|Any CPU
		{08ACB097-8FE7-486C-AA66-9BFE39FDEA8D}.Release|x64.Build.0 = Release|Any CPU
		{08ACB097-8FE7-486C-AA66-9BFE39FDEA8D}.Release|x86.ActiveCfg = Release|Any CPU
		{08ACB097-8FE7-486C-AA66-9BFE39FDEA8D}.Release|x86.Build.0 = Release|Any CPU
	EndGlobalSection
EndGlobal
