
Microsoft Visual Studio Solution File, Format Version 12.00
# Visual Studio Version 16
VisualStudioVersion = 16.0.30309.148
MinimumVisualStudioVersion = 10.0.40219.1
Project("{53C2C6E6-0684-4011-8E27-046B3FC3DB87}") = "Azure.ResourceManager.Recoveryservicessiterecovery", "src\Azure.ResourceManager.Recoveryservicessiterecovery.csproj", "{1F08C31D-94F7-47B3-A08E-E7CCCC60DEFF}"
EndProject
Project("{53C2C6E6-0684-4011-8E27-046B3FC3DB87}") = "Azure.ResourceManager.Recoveryservicessiterecovery.Tests", "tests\Azure.ResourceManager.Recoveryservicessiterecovery.Tests.csproj", "{13F6F63A-DC55-4A41-A1B3-A9AFEA8026D6}"
EndProject
Global
	GlobalSection(SolutionProperties) = preSolution
		HideSolutionNode = FALSE
	EndGlobalSection
	GlobalSection(ExtensibilityGlobals) = postSolution
		SolutionGuid = {93213528-D876-4DC9-836E-150B399208C3}
	EndGlobalSection
	GlobalSection(SolutionConfigurationPlatforms) = preSolution
		Debug|Any CPU = Debug|Any CPU
		Debug|x64 = Debug|x64
		Debug|x86 = Debug|x86
		Release|Any CPU = Release|Any CPU
		Release|x64 = Release|x64
		Release|x86 = Release|x86
	EndGlobalSection
	GlobalSection(ProjectConfigurationPlatforms) = postSolution
		{1F08C31D-94F7-47B3-A08E-E7CCCC60DEFF}.Debug|Any CPU.ActiveCfg = Debug|Any CPU
		{1F08C31D-94F7-47B3-A08E-E7CCCC60DEFF}.Debug|Any CPU.Build.0 = Debug|Any CPU
		{1F08C31D-94F7-47B3-A08E-E7CCCC60DEFF}.Debug|x64.ActiveCfg = Debug|Any CPU
		{1F08C31D-94F7-47B3-A08E-E7CCCC60DEFF}.Debug|x64.Build.0 = Debug|Any CPU
		{1F08C31D-94F7-47B3-A08E-E7CCCC60DEFF}.Debug|x86.ActiveCfg = Debug|Any CPU
		{1F08C31D-94F7-47B3-A08E-E7CCCC60DEFF}.Debug|x86.Build.0 = Debug|Any CPU
		{1F08C31D-94F7-47B3-A08E-E7CCCC60DEFF}.Release|Any CPU.ActiveCfg = Release|Any CPU
		{1F08C31D-94F7-47B3-A08E-E7CCCC60DEFF}.Release|Any CPU.Build.0 = Release|Any CPU
		{1F08C31D-94F7-47B3-A08E-E7CCCC60DEFF}.Release|x64.ActiveCfg = Release|Any CPU
		{1F08C31D-94F7-47B3-A08E-E7CCCC60DEFF}.Release|x64.Build.0 = Release|Any CPU
		{1F08C31D-94F7-47B3-A08E-E7CCCC60DEFF}.Release|x86.ActiveCfg = Release|Any CPU
		{1F08C31D-94F7-47B3-A08E-E7CCCC60DEFF}.Release|x86.Build.0 = Release|Any CPU
		{13F6F63A-DC55-4A41-A1B3-A9AFEA8026D6}.Debug|Any CPU.ActiveCfg = Debug|Any CPU
		{13F6F63A-DC55-4A41-A1B3-A9AFEA8026D6}.Debug|Any CPU.Build.0 = Debug|Any CPU
		{13F6F63A-DC55-4A41-A1B3-A9AFEA8026D6}.Debug|x64.ActiveCfg = Debug|Any CPU
		{13F6F63A-DC55-4A41-A1B3-A9AFEA8026D6}.Debug|x64.Build.0 = Debug|Any CPU
		{13F6F63A-DC55-4A41-A1B3-A9AFEA8026D6}.Debug|x86.ActiveCfg = Debug|Any CPU
		{13F6F63A-DC55-4A41-A1B3-A9AFEA8026D6}.Debug|x86.Build.0 = Debug|Any CPU
		{13F6F63A-DC55-4A41-A1B3-A9AFEA8026D6}.Release|Any CPU.ActiveCfg = Release|Any CPU
		{13F6F63A-DC55-4A41-A1B3-A9AFEA8026D6}.Release|Any CPU.Build.0 = Release|Any CPU
		{13F6F63A-DC55-4A41-A1B3-A9AFEA8026D6}.Release|x64.ActiveCfg = Release|Any CPU
		{13F6F63A-DC55-4A41-A1B3-A9AFEA8026D6}.Release|x64.Build.0 = Release|Any CPU
		{13F6F63A-DC55-4A41-A1B3-A9AFEA8026D6}.Release|x86.ActiveCfg = Release|Any CPU
		{13F6F63A-DC55-4A41-A1B3-A9AFEA8026D6}.Release|x86.Build.0 = Release|Any CPU
	EndGlobalSection
EndGlobal
