
Microsoft Visual Studio Solution File, Format Version 12.00
# Visual Studio Version 16
VisualStudioVersion = 16.0.30309.148
MinimumVisualStudioVersion = 10.0.40219.1
Project("{24511344-E6DB-48C2-9104-430CD72161FE}") = "Azure.ResourceManager.Iothub", "src\Azure.ResourceManager.Iothub.csproj", "{00EEFCED-5D81-4FE4-949A-6AF1F3A7B211}"
EndProject
Project("{24511344-E6DB-48C2-9104-430CD72161FE}") = "Azure.ResourceManager.Iothub.Tests", "tests\Azure.ResourceManager.Iothub.Tests.csproj", "{640275B1-0219-4954-9FE5-8005EFD3F9D7}"
EndProject
Global
	GlobalSection(SolutionProperties) = preSolution
		HideSolutionNode = FALSE
	EndGlobalSection
	GlobalSection(ExtensibilityGlobals) = postSolution
		SolutionGuid = {0AC1636A-1AF9-4378-91BF-38126AA4F6DE}
	EndGlobalSection
	GlobalSection(SolutionConfigurationPlatforms) = preSolution
		Debug|Any CPU = Debug|Any CPU
		Debug|x64 = Debug|x64
		Debug|x86 = Debug|x86
		Release|Any CPU = Release|Any CPU
		Release|x64 = Release|x64
		Release|x86 = Release|x86
	EndGlobalSection
	GlobalSection(ProjectConfigurationPlatforms) = postSolution
		{00EEFCED-5D81-4FE4-949A-6AF1F3A7B211}.Debug|Any CPU.ActiveCfg = Debug|Any CPU
		{00EEFCED-5D81-4FE4-949A-6AF1F3A7B211}.Debug|Any CPU.Build.0 = Debug|Any CPU
		{00EEFCED-5D81-4FE4-949A-6AF1F3A7B211}.Debug|x64.ActiveCfg = Debug|Any CPU
		{00EEFCED-5D81-4FE4-949A-6AF1F3A7B211}.Debug|x64.Build.0 = Debug|Any CPU
		{00EEFCED-5D81-4FE4-949A-6AF1F3A7B211}.Debug|x86.ActiveCfg = Debug|Any CPU
		{00EEFCED-5D81-4FE4-949A-6AF1F3A7B211}.Debug|x86.Build.0 = Debug|Any CPU
		{00EEFCED-5D81-4FE4-949A-6AF1F3A7B211}.Release|Any CPU.ActiveCfg = Release|Any CPU
		{00EEFCED-5D81-4FE4-949A-6AF1F3A7B211}.Release|Any CPU.Build.0 = Release|Any CPU
		{00EEFCED-5D81-4FE4-949A-6AF1F3A7B211}.Release|x64.ActiveCfg = Release|Any CPU
		{00EEFCED-5D81-4FE4-949A-6AF1F3A7B211}.Release|x64.Build.0 = Release|Any CPU
		{00EEFCED-5D81-4FE4-949A-6AF1F3A7B211}.Release|x86.ActiveCfg = Release|Any CPU
		{00EEFCED-5D81-4FE4-949A-6AF1F3A7B211}.Release|x86.Build.0 = Release|Any CPU
		{640275B1-0219-4954-9FE5-8005EFD3F9D7}.Debug|Any CPU.ActiveCfg = Debug|Any CPU
		{640275B1-0219-4954-9FE5-8005EFD3F9D7}.Debug|Any CPU.Build.0 = Debug|Any CPU
		{640275B1-0219-4954-9FE5-8005EFD3F9D7}.Debug|x64.ActiveCfg = Debug|Any CPU
		{640275B1-0219-4954-9FE5-8005EFD3F9D7}.Debug|x64.Build.0 = Debug|Any CPU
		{640275B1-0219-4954-9FE5-8005EFD3F9D7}.Debug|x86.ActiveCfg = Debug|Any CPU
		{640275B1-0219-4954-9FE5-8005EFD3F9D7}.Debug|x86.Build.0 = Debug|Any CPU
		{640275B1-0219-4954-9FE5-8005EFD3F9D7}.Release|Any CPU.ActiveCfg = Release|Any CPU
		{640275B1-0219-4954-9FE5-8005EFD3F9D7}.Release|Any CPU.Build.0 = Release|Any CPU
		{640275B1-0219-4954-9FE5-8005EFD3F9D7}.Release|x64.ActiveCfg = Release|Any CPU
		{640275B1-0219-4954-9FE5-8005EFD3F9D7}.Release|x64.Build.0 = Release|Any CPU
		{640275B1-0219-4954-9FE5-8005EFD3F9D7}.Release|x86.ActiveCfg = Release|Any CPU
		{640275B1-0219-4954-9FE5-8005EFD3F9D7}.Release|x86.Build.0 = Release|Any CPU
	EndGlobalSection
EndGlobal
