
Microsoft Visual Studio Solution File, Format Version 12.00
# Visual Studio Version 16
VisualStudioVersion = 16.0.30309.148
MinimumVisualStudioVersion = 10.0.40219.1
Project("{8FB0D6A7-332B-4A00-8C96-A0DA8308CCC5}") = "Azure.ResourceManager.Trafficmanager", "src\Azure.ResourceManager.Trafficmanager.csproj", "{2C6C3CFA-0197-413C-B94C-9A29EEB8BBC2}"
EndProject
Project("{8FB0D6A7-332B-4A00-8C96-A0DA8308CCC5}") = "Azure.ResourceManager.Trafficmanager.Tests", "tests\Azure.ResourceManager.Trafficmanager.Tests.csproj", "{7637EE46-8B79-482E-AF15-C7ACA8AB381E}"
EndProject
Global
	GlobalSection(SolutionProperties) = preSolution
		HideSolutionNode = FALSE
	EndGlobalSection
	GlobalSection(ExtensibilityGlobals) = postSolution
		SolutionGuid = {3CDC0B2F-F4A2-4871-BCD0-629F4407CF8F}
	EndGlobalSection
	GlobalSection(SolutionConfigurationPlatforms) = preSolution
		Debug|Any CPU = Debug|Any CPU
		Debug|x64 = Debug|x64
		Debug|x86 = Debug|x86
		Release|Any CPU = Release|Any CPU
		Release|x64 = Release|x64
		Release|x86 = Release|x86
	EndGlobalSection
	GlobalSection(ProjectConfigurationPlatforms) = postSolution
		{2C6C3CFA-0197-413C-B94C-9A29EEB8BBC2}.Debug|Any CPU.ActiveCfg = Debug|Any CPU
		{2C6C3CFA-0197-413C-B94C-9A29EEB8BBC2}.Debug|Any CPU.Build.0 = Debug|Any CPU
		{2C6C3CFA-0197-413C-B94C-9A29EEB8BBC2}.Debug|x64.ActiveCfg = Debug|Any CPU
		{2C6C3CFA-0197-413C-B94C-9A29EEB8BBC2}.Debug|x64.Build.0 = Debug|Any CPU
		{2C6C3CFA-0197-413C-B94C-9A29EEB8BBC2}.Debug|x86.ActiveCfg = Debug|Any CPU
		{2C6C3CFA-0197-413C-B94C-9A29EEB8BBC2}.Debug|x86.Build.0 = Debug|Any CPU
		{2C6C3CFA-0197-413C-B94C-9A29EEB8BBC2}.Release|Any CPU.ActiveCfg = Release|Any CPU
		{2C6C3CFA-0197-413C-B94C-9A29EEB8BBC2}.Release|Any CPU.Build.0 = Release|Any CPU
		{2C6C3CFA-0197-413C-B94C-9A29EEB8BBC2}.Release|x64.ActiveCfg = Release|Any CPU
		{2C6C3CFA-0197-413C-B94C-9A29EEB8BBC2}.Release|x64.Build.0 = Release|Any CPU
		{2C6C3CFA-0197-413C-B94C-9A29EEB8BBC2}.Release|x86.ActiveCfg = Release|Any CPU
		{2C6C3CFA-0197-413C-B94C-9A29EEB8BBC2}.Release|x86.Build.0 = Release|Any CPU
		{7637EE46-8B79-482E-AF15-C7ACA8AB381E}.Debug|Any CPU.ActiveCfg = Debug|Any CPU
		{7637EE46-8B79-482E-AF15-C7ACA8AB381E}.Debug|Any CPU.Build.0 = Debug|Any CPU
		{7637EE46-8B79-482E-AF15-C7ACA8AB381E}.Debug|x64.ActiveCfg = Debug|Any CPU
		{7637EE46-8B79-482E-AF15-C7ACA8AB381E}.Debug|x64.Build.0 = Debug|Any CPU
		{7637EE46-8B79-482E-AF15-C7ACA8AB381E}.Debug|x86.ActiveCfg = Debug|Any CPU
		{7637EE46-8B79-482E-AF15-C7ACA8AB381E}.Debug|x86.Build.0 = Debug|Any CPU
		{7637EE46-8B79-482E-AF15-C7ACA8AB381E}.Release|Any CPU.ActiveCfg = Release|Any CPU
		{7637EE46-8B79-482E-AF15-C7ACA8AB381E}.Release|Any CPU.Build.0 = Release|Any CPU
		{7637EE46-8B79-482E-AF15-C7ACA8AB381E}.Release|x64.ActiveCfg = Release|Any CPU
		{7637EE46-8B79-482E-AF15-C7ACA8AB381E}.Release|x64.Build.0 = Release|Any CPU
		{7637EE46-8B79-482E-AF15-C7ACA8AB381E}.Release|x86.ActiveCfg = Release|Any CPU
		{7637EE46-8B79-482E-AF15-C7ACA8AB381E}.Release|x86.Build.0 = Release|Any CPU
	EndGlobalSection
EndGlobal
