
Microsoft Visual Studio Solution File, Format Version 12.00
# Visual Studio Version 16
VisualStudioVersion = 16.0.30309.148
MinimumVisualStudioVersion = 10.0.40219.1
Project("{DAC4B8E2-1614-4327-8B36-3D2C4FF4A0A1}") = "Azure.ResourceManager.Agrifood", "src\Azure.ResourceManager.Agrifood.csproj", "{D0F99D51-C115-4034-99B7-C337450785D3}"
EndProject
Project("{DAC4B8E2-1614-4327-8B36-3D2C4FF4A0A1}") = "Azure.ResourceManager.Agrifood.Tests", "tests\Azure.ResourceManager.Agrifood.Tests.csproj", "{A7A0FB92-88A5-4258-8F7C-4362CF51DB63}"
EndProject
Global
	GlobalSection(SolutionProperties) = preSolution
		HideSolutionNode = FALSE
	EndGlobalSection
	GlobalSection(ExtensibilityGlobals) = postSolution
		SolutionGuid = {90792B8C-DC10-4CB3-8D76-4E2500221DCD}
	EndGlobalSection
	GlobalSection(SolutionConfigurationPlatforms) = preSolution
		Debug|Any CPU = Debug|Any CPU
		Debug|x64 = Debug|x64
		Debug|x86 = Debug|x86
		Release|Any CPU = Release|Any CPU
		Release|x64 = Release|x64
		Release|x86 = Release|x86
	EndGlobalSection
	GlobalSection(ProjectConfigurationPlatforms) = postSolution
		{D0F99D51-C115-4034-99B7-C337450785D3}.Debug|Any CPU.ActiveCfg = Debug|Any CPU
		{D0F99D51-C115-4034-99B7-C337450785D3}.Debug|Any CPU.Build.0 = Debug|Any CPU
		{D0F99D51-C115-4034-99B7-C337450785D3}.Debug|x64.ActiveCfg = Debug|Any CPU
		{D0F99D51-C115-4034-99B7-C337450785D3}.Debug|x64.Build.0 = Debug|Any CPU
		{D0F99D51-C115-4034-99B7-C337450785D3}.Debug|x86.ActiveCfg = Debug|Any CPU
		{D0F99D51-C115-4034-99B7-C337450785D3}.Debug|x86.Build.0 = Debug|Any CPU
		{D0F99D51-C115-4034-99B7-C337450785D3}.Release|Any CPU.ActiveCfg = Release|Any CPU
		{D0F99D51-C115-4034-99B7-C337450785D3}.Release|Any CPU.Build.0 = Release|Any CPU
		{D0F99D51-C115-4034-99B7-C337450785D3}.Release|x64.ActiveCfg = Release|Any CPU
		{D0F99D51-C115-4034-99B7-C337450785D3}.Release|x64.Build.0 = Release|Any CPU
		{D0F99D51-C115-4034-99B7-C337450785D3}.Release|x86.ActiveCfg = Release|Any CPU
		{D0F99D51-C115-4034-99B7-C337450785D3}.Release|x86.Build.0 = Release|Any CPU
		{A7A0FB92-88A5-4258-8F7C-4362CF51DB63}.Debug|Any CPU.ActiveCfg = Debug|Any CPU
		{A7A0FB92-88A5-4258-8F7C-4362CF51DB63}.Debug|Any CPU.Build.0 = Debug|Any CPU
		{A7A0FB92-88A5-4258-8F7C-4362CF51DB63}.Debug|x64.ActiveCfg = Debug|Any CPU
		{A7A0FB92-88A5-4258-8F7C-4362CF51DB63}.Debug|x64.Build.0 = Debug|Any CPU
		{A7A0FB92-88A5-4258-8F7C-4362CF51DB63}.Debug|x86.ActiveCfg = Debug|Any CPU
		{A7A0FB92-88A5-4258-8F7C-4362CF51DB63}.Debug|x86.Build.0 = Debug|Any CPU
		{A7A0FB92-88A5-4258-8F7C-4362CF51DB63}.Release|Any CPU.ActiveCfg = Release|Any CPU
		{A7A0FB92-88A5-4258-8F7C-4362CF51DB63}.Release|Any CPU.Build.0 = Release|Any CPU
		{A7A0FB92-88A5-4258-8F7C-4362CF51DB63}.Release|x64.ActiveCfg = Release|Any CPU
		{A7A0FB92-88A5-4258-8F7C-4362CF51DB63}.Release|x64.Build.0 = Release|Any CPU
		{A7A0FB92-88A5-4258-8F7C-4362CF51DB63}.Release|x86.ActiveCfg = Release|Any CPU
		{A7A0FB92-88A5-4258-8F7C-4362CF51DB63}.Release|x86.Build.0 = Release|Any CPU
	EndGlobalSection
EndGlobal
